
Microsoft Visual Studio Solution File, Format Version 12.00
# Visual Studio 2013
VisualStudioVersion = 12.0.21005.1
MinimumVisualStudioVersion = 10.0.40219.1
Project("{8BC9CEB8-8B4A-11D0-8D11-00A0C91BC942}") = "test_2020_01_11_day_04", "test_2020_01_11_day_04\test_2020_01_11_day_04.vcxproj", "{5624DD9A-DBDF-40B5-9C08-0C997B17E40B}"
EndProject
Global
	GlobalSection(SolutionConfigurationPlatforms) = preSolution
		Debug|Win32 = Debug|Win32
		Release|Win32 = Release|Win32
	EndGlobalSection
	GlobalSection(ProjectConfigurationPlatforms) = postSolution
		{5624DD9A-DBDF-40B5-9C08-0C997B17E40B}.Debug|Win32.ActiveCfg = Debug|Win32
		{5624DD9A-DBDF-40B5-9C08-0C997B17E40B}.Debug|Win32.Build.0 = Debug|Win32
		{5624DD9A-DBDF-40B5-9C08-0C997B17E40B}.Release|Win32.ActiveCfg = Release|Win32
		{5624DD9A-DBDF-40B5-9C08-0C997B17E40B}.Release|Win32.Build.0 = Release|Win32
	EndGlobalSection
	GlobalSection(SolutionProperties) = preSolution
		HideSolutionNode = FALSE
	EndGlobalSection
EndGlobal
