
Microsoft Visual Studio Solution File, Format Version 12.00
# Visual Studio 2013
VisualStudioVersion = 12.0.21005.1
MinimumVisualStudioVersion = 10.0.40219.1
Project("{8BC9CEB8-8B4A-11D0-8D11-00A0C91BC942}") = "test_2020_01_09", "test_2020_01_09\test_2020_01_09.vcxproj", "{00C6D38C-6D5D-429F-B938-489CE7F7CDDE}"
EndProject
Global
	GlobalSection(SolutionConfigurationPlatforms) = preSolution
		Debug|Win32 = Debug|Win32
		Release|Win32 = Release|Win32
	EndGlobalSection
	GlobalSection(ProjectConfigurationPlatforms) = postSolution
		{00C6D38C-6D5D-429F-B938-489CE7F7CDDE}.Debug|Win32.ActiveCfg = Debug|Win32
		{00C6D38C-6D5D-429F-B938-489CE7F7CDDE}.Debug|Win32.Build.0 = Debug|Win32
		{00C6D38C-6D5D-429F-B938-489CE7F7CDDE}.Release|Win32.ActiveCfg = Release|Win32
		{00C6D38C-6D5D-429F-B938-489CE7F7CDDE}.Release|Win32.Build.0 = Release|Win32
	EndGlobalSection
	GlobalSection(SolutionProperties) = preSolution
		HideSolutionNode = FALSE
	EndGlobalSection
EndGlobal
