
Microsoft Visual Studio Solution File, Format Version 12.00
# Visual Studio 2013
VisualStudioVersion = 12.0.21005.1
MinimumVisualStudioVersion = 10.0.40219.1
Project("{8BC9CEB8-8B4A-11D0-8D11-00A0C91BC942}") = "test_2020_02_27项目：磁盘文件清理工具", "test_2020_02_27项目：磁盘文件清理工具\test_2020_02_27项目：磁盘文件清理工具.vcxproj", "{AA15C2E1-CCD7-4830-B23F-719644979BE3}"
EndProject
Global
	GlobalSection(SolutionConfigurationPlatforms) = preSolution
		Debug|Win32 = Debug|Win32
		Release|Win32 = Release|Win32
	EndGlobalSection
	GlobalSection(ProjectConfigurationPlatforms) = postSolution
		{AA15C2E1-CCD7-4830-B23F-719644979BE3}.Debug|Win32.ActiveCfg = Debug|Win32
		{AA15C2E1-CCD7-4830-B23F-719644979BE3}.Debug|Win32.Build.0 = Debug|Win32
		{AA15C2E1-CCD7-4830-B23F-719644979BE3}.Release|Win32.ActiveCfg = Release|Win32
		{AA15C2E1-CCD7-4830-B23F-719644979BE3}.Release|Win32.Build.0 = Release|Win32
	EndGlobalSection
	GlobalSection(SolutionProperties) = preSolution
		HideSolutionNode = FALSE
	EndGlobalSection
EndGlobal
